
Microsoft Visual Studio Solution File, Format Version 12.00
# Visual Studio Version 17
VisualStudioVersion = 17.7.34003.232
MinimumVisualStudioVersion = 10.0.40219.1
Project("{FAE04EC0-301F-11D3-BF4B-00C04F79EFBC}") = "AdvancedAssignment", "AdvancedAssignment\AdvancedAssignment.csproj", "{6FEE867D-C8EF-488E-A7BA-04697C84758F}"
EndProject
Project("{FAE04EC0-301F-11D3-BF4B-00C04F79EFBC}") = "AssignmentTests", "AssignmentTests\AssignmentTests.csproj", "{150E96F3-E318-429B-B377-A3D428FB8F04}"
EndProject
Global
	GlobalSection(SolutionConfigurationPlatforms) = preSolution
		Debug|Any CPU = Debug|Any CPU
		Release|Any CPU = Release|Any CPU
	EndGlobalSection
	GlobalSection(ProjectConfigurationPlatforms) = postSolution
		{6FEE867D-C8EF-488E-A7BA-04697C84758F}.Debug|Any CPU.ActiveCfg = Debug|Any CPU
		{6FEE867D-C8EF-488E-A7BA-04697C84758F}.Debug|Any CPU.Build.0 = Debug|Any CPU
		{6FEE867D-C8EF-488E-A7BA-04697C84758F}.Release|Any CPU.ActiveCfg = Release|Any CPU
		{6FEE867D-C8EF-488E-A7BA-04697C84758F}.Release|Any CPU.Build.0 = Release|Any CPU
		{150E96F3-E318-429B-B377-A3D428FB8F04}.Debug|Any CPU.ActiveCfg = Debug|Any CPU
		{150E96F3-E318-429B-B377-A3D428FB8F04}.Debug|Any CPU.Build.0 = Debug|Any CPU
		{150E96F3-E318-429B-B377-A3D428FB8F04}.Release|Any CPU.ActiveCfg = Release|Any CPU
		{150E96F3-E318-429B-B377-A3D428FB8F04}.Release|Any CPU.Build.0 = Release|Any CPU
	EndGlobalSection
	GlobalSection(SolutionProperties) = preSolution
		HideSolutionNode = FALSE
	EndGlobalSection
	GlobalSection(ExtensibilityGlobals) = postSolution
		SolutionGuid = {D801A97D-A55B-45A3-B63A-D7C5CF043D12}
	EndGlobalSection
EndGlobal
